
Microsoft Visual Studio Solution File, Format Version 12.00
# Visual Studio Version 16
VisualStudioVersion = 16.0.30011.22
MinimumVisualStudioVersion = 10.0.40219.1
Project("{FAE04EC0-301F-11D3-BF4B-00C04F79EFBC}") = "debug.exe生成", "debug.exe生成\debug.exe生成.csproj", "{5BAB5994-7CB5-4782-80B4-1E5745B53F74}"
EndProject
Global
	GlobalSection(SolutionConfigurationPlatforms) = preSolution
		Debug|Any CPU = Debug|Any CPU
		Release|Any CPU = Release|Any CPU
	EndGlobalSection
	GlobalSection(ProjectConfigurationPlatforms) = postSolution
		{5BAB5994-7CB5-4782-80B4-1E5745B53F74}.Debug|Any CPU.ActiveCfg = Debug|Any CPU
		{5BAB5994-7CB5-4782-80B4-1E5745B53F74}.Debug|Any CPU.Build.0 = Debug|Any CPU
		{5BAB5994-7CB5-4782-80B4-1E5745B53F74}.Release|Any CPU.ActiveCfg = Release|Any CPU
		{5BAB5994-7CB5-4782-80B4-1E5745B53F74}.Release|Any CPU.Build.0 = Release|Any CPU
	EndGlobalSection
	GlobalSection(SolutionProperties) = preSolution
		HideSolutionNode = FALSE
	EndGlobalSection
	GlobalSection(ExtensibilityGlobals) = postSolution
		SolutionGuid = {455170A9-2237-41ED-AC20-B080B7DE84D1}
	EndGlobalSection
EndGlobal
